
Microsoft Visual Studio Solution File, Format Version 12.00
# Visual Studio Version 17
VisualStudioVersion = 17.12.35707.178 d17.12
MinimumVisualStudioVersion = 10.0.40219.1
Project("{FAE04EC0-301F-11D3-BF4B-00C04F79EFBC}") = "Vika Fa", "Vika Fa\Vika Fa.csproj", "{75907B48-9350-469E-BAAD-66A7DF97B35D}"
EndProject
Global
	GlobalSection(SolutionConfigurationPlatforms) = preSolution
		Debug|Any CPU = Debug|Any CPU
		Release|Any CPU = Release|Any CPU
	EndGlobalSection
	GlobalSection(ProjectConfigurationPlatforms) = postSolution
		{75907B48-9350-469E-BAAD-66A7DF97B35D}.Debug|Any CPU.ActiveCfg = Debug|Any CPU
		{75907B48-9350-469E-BAAD-66A7DF97B35D}.Debug|Any CPU.Build.0 = Debug|Any CPU
		{75907B48-9350-469E-BAAD-66A7DF97B35D}.Release|Any CPU.ActiveCfg = Release|Any CPU
		{75907B48-9350-469E-BAAD-66A7DF97B35D}.Release|Any CPU.Build.0 = Release|Any CPU
	EndGlobalSection
	GlobalSection(SolutionProperties) = preSolution
		HideSolutionNode = FALSE
	EndGlobalSection
EndGlobal
